
Microsoft Visual Studio Solution File, Format Version 12.00
# Visual Studio Version 17
VisualStudioVersion = 17.7.34221.43
MinimumVisualStudioVersion = 10.0.40219.1
Project("{FAE04EC0-301F-11D3-BF4B-00C04F79EFBC}") = "StudentRestAPI", "StudentRestAPI\StudentRestAPI.csproj", "{C4145882-F37D-482B-A142-D299FE60F955}"
EndProject
Global
	GlobalSection(SolutionConfigurationPlatforms) = preSolution
		Debug|Any CPU = Debug|Any CPU
		Release|Any CPU = Release|Any CPU
	EndGlobalSection
	GlobalSection(ProjectConfigurationPlatforms) = postSolution
		{C4145882-F37D-482B-A142-D299FE60F955}.Debug|Any CPU.ActiveCfg = Debug|Any CPU
		{C4145882-F37D-482B-A142-D299FE60F955}.Debug|Any CPU.Build.0 = Debug|Any CPU
		{C4145882-F37D-482B-A142-D299FE60F955}.Release|Any CPU.ActiveCfg = Release|Any CPU
		{C4145882-F37D-482B-A142-D299FE60F955}.Release|Any CPU.Build.0 = Release|Any CPU
	EndGlobalSection
	GlobalSection(SolutionProperties) = preSolution
		HideSolutionNode = FALSE
	EndGlobalSection
	GlobalSection(ExtensibilityGlobals) = postSolution
		SolutionGuid = {703E9593-AC01-4595-AA83-1509DE52EC6E}
	EndGlobalSection
EndGlobal
